// !$*UTF8*$!
{
	archiveVersion = 1;
	classes = {
	};
	objectVersion = 56;
	objects = {

/* Begin PBXBuildFile section */
		5F8DE71D28FDCBF60070BA7C /* AppDelegate.swift in Sources */ = {isa = PBXBuildFile; fileRef = 5F8DE71C28FDCBF60070BA7C /* AppDelegate.swift */; };
		5F8DE71F28FDCBF60070BA7C /* SceneDelegate.swift in Sources */ = {isa = PBXBuildFile; fileRef = 5F8DE71E28FDCBF60070BA7C /* SceneDelegate.swift */; };
		5F8DE72128FDCBF60070BA7C /* ViewController.swift in Sources */ = {isa = PBXBuildFile; fileRef = 5F8DE72028FDCBF60070BA7C /* ViewController.swift */; };
		5F8DE72628FDCBF80070BA7C /* Assets.xcassets in Resources */ = {isa = PBXBuildFile; fileRef = 5F8DE72528FDCBF80070BA7C /* Assets.xcassets */; };
		5F8DE72928FDCBF80070BA7C /* LaunchScreen.storyboard in Resources */ = {isa = PBXBuildFile; fileRef = 5F8DE72728FDCBF80070BA7C /* LaunchScreen.storyboard */; };
		5F8DE73328FDCD240070BA7C /* Film.swift in Sources */ = {isa = PBXBuildFile; fileRef = 5F8DE73228FDCD240070BA7C /* Film.swift */; };
		5F8DE73628FDCD6F0070BA7C /* NetworkManager.swift in Sources */ = {isa = PBXBuildFile; fileRef = 5F8DE73528FDCD6F0070BA7C /* NetworkManager.swift */; };
		5F8DE73828FDD3790070BA7C /* FilmResult.swift in Sources */ = {isa = PBXBuildFile; fileRef = 5F8DE73728FDD3790070BA7C /* FilmResult.swift */; };
		5F8DE73A28FDD7F60070BA7C /* Person.swift in Sources */ = {isa = PBXBuildFile; fileRef = 5F8DE73928FDD7F60070BA7C /* Person.swift */; };
		5F8DE73C28FDD8520070BA7C /* PersonResult.swift in Sources */ = {isa = PBXBuildFile; fileRef = 5F8DE73B28FDD8520070BA7C /* PersonResult.swift */; };
/* End PBXBuildFile section */

/* Begin PBXFileReference section */
		5F8DE71928FDCBF60070BA7C /* StarWarsEncyclopedia.app */ = {isa = PBXFileReference; explicitFileType = wrapper.application; includeInIndex = 0; path = StarWarsEncyclopedia.app; sourceTree = BUILT_PRODUCTS_DIR; };
		5F8DE71C28FDCBF60070BA7C /* AppDelegate.swift */ = {isa = PBXFileReference; lastKnownFileType = sourcecode.swift; path = AppDelegate.swift; sourceTree = "<group>"; };
		5F8DE71E28FDCBF60070BA7C /* SceneDelegate.swift */ = {isa = PBXFileReference; lastKnownFileType = sourcecode.swift; path = SceneDelegate.swift; sourceTree = "<group>"; };
		5F8DE72028FDCBF60070BA7C /* ViewController.swift */ = {isa = PBXFileReference; lastKnownFileType = sourcecode.swift; path = ViewController.swift; sourceTree = "<group>"; };
		5F8DE72528FDCBF80070BA7C /* Assets.xcassets */ = {isa = PBXFileReference; lastKnownFileType = folder.assetcatalog; path = Assets.xcassets; sourceTree = "<group>"; };
		5F8DE72828FDCBF80070BA7C /* Base */ = {isa = PBXFileReference; lastKnownFileType = file.storyboard; name = Base; path = Base.lproj/LaunchScreen.storyboard; sourceTree = "<group>"; };
		5F8DE72A28FDCBF80070BA7C /* Info.plist */ = {isa = PBXFileReference; lastKnownFileType = text.plist.xml; path = Info.plist; sourceTree = "<group>"; };
		5F8DE73228FDCD240070BA7C /* Film.swift */ = {isa = PBXFileReference; lastKnownFileType = sourcecode.swift; path = Film.swift; sourceTree = "<group>"; };
		5F8DE73528FDCD6F0070BA7C /* NetworkManager.swift */ = {isa = PBXFileReference; lastKnownFileType = sourcecode.swift; path = NetworkManager.swift; sourceTree = "<group>"; };
		5F8DE73728FDD3790070BA7C /* FilmResult.swift */ = {isa = PBXFileReference; lastKnownFileType = sourcecode.swift; path = FilmResult.swift; sourceTree = "<group>"; };
		5F8DE73928FDD7F60070BA7C /* Person.swift */ = {isa = PBXFileReference; lastKnownFileType = sourcecode.swift; path = Person.swift; sourceTree = "<group>"; };
		5F8DE73B28FDD8520070BA7C /* PersonResult.swift */ = {isa = PBXFileReference; lastKnownFileType = sourcecode.swift; path = PersonResult.swift; sourceTree = "<group>"; };
/* End PBXFileReference section */

/* Begin PBXFrameworksBuildPhase section */
		5F8DE71628FDCBF60070BA7C /* Frameworks */ = {
			isa = PBXFrameworksBuildPhase;
			buildActionMask = 2147483647;
			files = (
			);
			runOnlyForDeploymentPostprocessing = 0;
		};
/* End PBXFrameworksBuildPhase section */

/* Begin PBXGroup section */
		5F8DE71028FDCBF60070BA7C = {
			isa = PBXGroup;
			children = (
				5F8DE71B28FDCBF60070BA7C /* StarWarsEncyclopedia */,
				5F8DE71A28FDCBF60070BA7C /* Products */,
			);
			sourceTree = "<group>";
		};
		5F8DE71A28FDCBF60070BA7C /* Products */ = {
			isa = PBXGroup;
			children = (
				5F8DE71928FDCBF60070BA7C /* StarWarsEncyclopedia.app */,
			);
			name = Products;
			sourceTree = "<group>";
		};
		5F8DE71B28FDCBF60070BA7C /* StarWarsEncyclopedia */ = {
			isa = PBXGroup;
			children = (
				5F8DE71C28FDCBF60070BA7C /* AppDelegate.swift */,
				5F8DE71E28FDCBF60070BA7C /* SceneDelegate.swift */,
				5F8DE72528FDCBF80070BA7C /* Assets.xcassets */,
				5F8DE72728FDCBF80070BA7C /* LaunchScreen.storyboard */,
				5F8DE72A28FDCBF80070BA7C /* Info.plist */,
				5F8DE73428FDCD5B0070BA7C /* Managers */,
				5F8DE73128FDCD0F0070BA7C /* Model */,
				5F8DE73028FDCD050070BA7C /* Screens */,
			);
			path = StarWarsEncyclopedia;
			sourceTree = "<group>";
		};
		5F8DE73028FDCD050070BA7C /* Screens */ = {
			isa = PBXGroup;
			children = (
				5F8DE72028FDCBF60070BA7C /* ViewController.swift */,
			);
			path = Screens;
			sourceTree = "<group>";
		};
		5F8DE73128FDCD0F0070BA7C /* Model */ = {
			isa = PBXGroup;
			children = (
				5F8DE73228FDCD240070BA7C /* Film.swift */,
				5F8DE73728FDD3790070BA7C /* FilmResult.swift */,
				5F8DE73928FDD7F60070BA7C /* Person.swift */,
				5F8DE73B28FDD8520070BA7C /* PersonResult.swift */,
			);
			path = Model;
			sourceTree = "<group>";
		};
		5F8DE73428FDCD5B0070BA7C /* Managers */ = {
			isa = PBXGroup;
			children = (
				5F8DE73528FDCD6F0070BA7C /* NetworkManager.swift */,
			);
			path = Managers;
			sourceTree = "<group>";
		};
/* End PBXGroup section */

/* Begin PBXNativeTarget section */
		5F8DE71828FDCBF60070BA7C /* StarWarsEncyclopedia */ = {
			isa = PBXNativeTarget;
			buildConfigurationList = 5F8DE72D28FDCBF80070BA7C /* Build configuration list for PBXNativeTarget "StarWarsEncyclopedia" */;
			buildPhases = (
				5F8DE71528FDCBF60070BA7C /* Sources */,
				5F8DE71628FDCBF60070BA7C /* Frameworks */,
				5F8DE71728FDCBF60070BA7C /* Resources */,
			);
			buildRules = (
			);
			dependencies = (
			);
			name = StarWarsEncyclopedia;
			productName = StarWarsEncyclopedia;
			productReference = 5F8DE71928FDCBF60070BA7C /* StarWarsEncyclopedia.app */;
			productType = "com.apple.product-type.application";
		};
/* End PBXNativeTarget section */

/* Begin PBXProject section */
		5F8DE71128FDCBF60070BA7C /* Project object */ = {
			isa = PBXProject;
			attributes = {
				BuildIndependentTargetsInParallel = 1;
				LastSwiftUpdateCheck = 1400;
				LastUpgradeCheck = 1400;
				TargetAttributes = {
					5F8DE71828FDCBF60070BA7C = {
						CreatedOnToolsVersion = 14.0.1;
					};
				};
			};
			buildConfigurationList = 5F8DE71428FDCBF60070BA7C /* Build configuration list for PBXProject "StarWarsEncyclopedia" */;
			compatibilityVersion = "Xcode 14.0";
			developmentRegion = en;
			hasScannedForEncodings = 0;
			knownRegions = (
				en,
				Base,
			);
			mainGroup = 5F8DE71028FDCBF60070BA7C;
			productRefGroup = 5F8DE71A28FDCBF60070BA7C /* Products */;
			projectDirPath = "";
			projectRoot = "";
			targets = (
				5F8DE71828FDCBF60070BA7C /* StarWarsEncyclopedia */,
			);
		};
/* End PBXProject section */

/* Begin PBXResourcesBuildPhase section */
		5F8DE71728FDCBF60070BA7C /* Resources */ = {
			isa = PBXResourcesBuildPhase;
			buildActionMask = 2147483647;
			files = (
				5F8DE72928FDCBF80070BA7C /* LaunchScreen.storyboard in Resources */,
				5F8DE72628FDCBF80070BA7C /* Assets.xcassets in Resources */,
			);
			runOnlyForDeploymentPostprocessing = 0;
		};
/* End PBXResourcesBuildPhase section */

/* Begin PBXSourcesBuildPhase section */
		5F8DE71528FDCBF60070BA7C /* Sources */ = {
			isa = PBXSourcesBuildPhase;
			buildActionMask = 2147483647;
			files = (
				5F8DE72128FDCBF60070BA7C /* ViewController.swift in Sources */,
				5F8DE73328FDCD240070BA7C /* Film.swift in Sources */,
				5F8DE73828FDD3790070BA7C /* FilmResult.swift in Sources */,
				5F8DE73C28FDD8520070BA7C /* PersonResult.swift in Sources */,
				5F8DE73628FDCD6F0070BA7C /* NetworkManager.swift in Sources */,
				5F8DE73A28FDD7F60070BA7C /* Person.swift in Sources */,
				5F8DE71D28FDCBF60070BA7C /* AppDelegate.swift in Sources */,
				5F8DE71F28FDCBF60070BA7C /* SceneDelegate.swift in Sources */,
			);
			runOnlyForDeploymentPostprocessing = 0;
		};
/* End PBXSourcesBuildPhase section */

/* Begin PBXVariantGroup section */
		5F8DE72728FDCBF80070BA7C /* LaunchScreen.storyboard */ = {
			isa = PBXVariantGroup;
			children = (
				5F8DE72828FDCBF80070BA7C /* Base */,
			);
			name = LaunchScreen.storyboard;
			sourceTree = "<group>";
		};
/* End PBXVariantGroup section */

/* Begin XCBuildConfiguration section */
		5F8DE72B28FDCBF80070BA7C /* Debug */ = {
			isa = XCBuildConfiguration;
			buildSettings = {
				ALWAYS_SEARCH_USER_PATHS = NO;
				CLANG_ANALYZER_NONNULL = YES;
				CLANG_ANALYZER_NUMBER_OBJECT_CONVERSION = YES_AGGRESSIVE;
				CLANG_CXX_LANGUAGE_STANDARD = "gnu++20";
				CLANG_ENABLE_MODULES = YES;
				CLANG_ENABLE_OBJC_ARC = YES;
				CLANG_ENABLE_OBJC_WEAK = YES;
				CLANG_WARN_BLOCK_CAPTURE_AUTORELEASING = YES;
				CLANG_WARN_BOOL_CONVERSION = YES;
				CLANG_WARN_COMMA = YES;
				CLANG_WARN_CONSTANT_CONVERSION = YES;
				CLANG_WARN_DEPRECATED_OBJC_IMPLEMENTATIONS = YES;
				CLANG_WARN_DIRECT_OBJC_ISA_USAGE = YES_ERROR;
				CLANG_WARN_DOCUMENTATION_COMMENTS = YES;
				CLANG_WARN_EMPTY_BODY = YES;
				CLANG_WARN_ENUM_CONVERSION = YES;
				CLANG_WARN_INFINITE_RECURSION = YES;
				CLANG_WARN_INT_CONVERSION = YES;
				CLANG_WARN_NON_LITERAL_NULL_CONVERSION = YES;
				CLANG_WARN_OBJC_IMPLICIT_RETAIN_SELF = YES;
				CLANG_WARN_OBJC_LITERAL_CONVERSION = YES;
				CLANG_WARN_OBJC_ROOT_CLASS = YES_ERROR;
				CLANG_WARN_QUOTED_INCLUDE_IN_FRAMEWORK_HEADER = YES;
				CLANG_WARN_RANGE_LOOP_ANALYSIS = YES;
				CLANG_WARN_STRICT_PROTOTYPES = YES;
				CLANG_WARN_SUSPICIOUS_MOVE = YES;
				CLANG_WARN_UNGUARDED_AVAILABILITY = YES_AGGRESSIVE;
				CLANG_WARN_UNREACHABLE_CODE = YES;
				CLANG_WARN__DUPLICATE_METHOD_MATCH = YES;
				COPY_PHASE_STRIP = NO;
				DEBUG_INFORMATION_FORMAT = dwarf;
				ENABLE_STRICT_OBJC_MSGSEND = YES;
				ENABLE_TESTABILITY = YES;
				GCC_C_LANGUAGE_STANDARD = gnu11;
				GCC_DYNAMIC_NO_PIC = NO;
				GCC_NO_COMMON_BLOCKS = YES;
				GCC_OPTIMIZATION_LEVEL = 0;
				GCC_PREPROCESSOR_DEFINITIONS = (
					"DEBUG=1",
					"$(inherited)",
				);
				GCC_WARN_64_TO_32_BIT_CONVERSION = YES;
				GCC_WARN_ABOUT_RETURN_TYPE = YES_ERROR;
				GCC_WARN_UNDECLARED_SELECTOR = YES;
				GCC_WARN_UNINITIALIZED_AUTOS = YES_AGGRESSIVE;
				GCC_WARN_UNUSED_FUNCTION = YES;
				GCC_WARN_UNUSED_VARIABLE = YES;
				IPHONEOS_DEPLOYMENT_TARGET = 16.0;
				MTL_ENABLE_DEBUG_INFO = INCLUDE_SOURCE;
				MTL_FAST_MATH = YES;
				ONLY_ACTIVE_ARCH = YES;
				SDKROOT = iphoneos;
				SWIFT_ACTIVE_COMPILATION_CONDITIONS = DEBUG;
				SWIFT_OPTIMIZATION_LEVEL = "-Onone";
			};
			name = Debug;
		};
		5F8DE72C28FDCBF80070BA7C /* Release */ = {
			isa = XCBuildConfiguration;
			buildSettings = {
				ALWAYS_SEARCH_USER_PATHS = NO;
				CLANG_ANALYZER_NONNULL = YES;
				CLANG_ANALYZER_NUMBER_OBJECT_CONVERSION = YES_AGGRESSIVE;
				CLANG_CXX_LANGUAGE_STANDARD = "gnu++20";
				CLANG_ENABLE_MODULES = YES;
				CLANG_ENABLE_OBJC_ARC = YES;
				CLANG_ENABLE_OBJC_WEAK = YES;
				CLANG_WARN_BLOCK_CAPTURE_AUTORELEASING = YES;
				CLANG_WARN_BOOL_CONVERSION = YES;
				CLANG_WARN_COMMA = YES;
				CLANG_WARN_CONSTANT_CONVERSION = YES;
				CLANG_WARN_DEPRECATED_OBJC_IMPLEMENTATIONS = YES;
				CLANG_WARN_DIRECT_OBJC_ISA_USAGE = YES_ERROR;
				CLANG_WARN_DOCUMENTATION_COMMENTS = YES;
				CLANG_WARN_EMPTY_BODY = YES;
				CLANG_WARN_ENUM_CONVERSION = YES;
				CLANG_WARN_INFINITE_RECURSION = YES;
				CLANG_WARN_INT_CONVERSION = YES;
				CLANG_WARN_NON_LITERAL_NULL_CONVERSION = YES;
				CLANG_WARN_OBJC_IMPLICIT_RETAIN_SELF = YES;
				CLANG_WARN_OBJC_LITERAL_CONVERSION = YES;
				CLANG_WARN_OBJC_ROOT_CLASS = YES_ERROR;
				CLANG_WARN_QUOTED_INCLUDE_IN_FRAMEWORK_HEADER = YES;
				CLANG_WARN_RANGE_LOOP_ANALYSIS = YES;
				CLANG_WARN_STRICT_PROTOTYPES = YES;
				CLANG_WARN_SUSPICIOUS_MOVE = YES;
				CLANG_WARN_UNGUARDED_AVAILABILITY = YES_AGGRESSIVE;
				CLANG_WARN_UNREACHABLE_CODE = YES;
				CLANG_WARN__DUPLICATE_METHOD_MATCH = YES;
				COPY_PHASE_STRIP = NO;
				DEBUG_INFORMATION_FORMAT = "dwarf-with-dsym";
				ENABLE_NS_ASSERTIONS = NO;
				ENABLE_STRICT_OBJC_MSGSEND = YES;
				GCC_C_LANGUAGE_STANDARD = gnu11;
				GCC_NO_COMMON_BLOCKS = YES;
				GCC_WARN_64_TO_32_BIT_CONVERSION = YES;
				GCC_WARN_ABOUT_RETURN_TYPE = YES_ERROR;
				GCC_WARN_UNDECLARED_SELECTOR = YES;
				GCC_WARN_UNINITIALIZED_AUTOS = YES_AGGRESSIVE;
				GCC_WARN_UNUSED_FUNCTION = YES;
				GCC_WARN_UNUSED_VARIABLE = YES;
				IPHONEOS_DEPLOYMENT_TARGET = 16.0;
				MTL_ENABLE_DEBUG_INFO = NO;
				MTL_FAST_MATH = YES;
				SDKROOT = iphoneos;
				SWIFT_COMPILATION_MODE = wholemodule;
				SWIFT_OPTIMIZATION_LEVEL = "-O";
				VALIDATE_PRODUCT = YES;
			};
			name = Release;
		};
		5F8DE72E28FDCBF80070BA7C /* Debug */ = {
			isa = XCBuildConfiguration;
			buildSettings = {
				ASSETCATALOG_COMPILER_APPICON_NAME = AppIcon;
				ASSETCATALOG_COMPILER_GLOBAL_ACCENT_COLOR_NAME = AccentColor;
				CODE_SIGN_STYLE = Automatic;
				CURRENT_PROJECT_VERSION = 1;
				DEVELOPMENT_TEAM = 97979SR3M8;
				GENERATE_INFOPLIST_FILE = YES;
				INFOPLIST_FILE = StarWarsEncyclopedia/Info.plist;
				INFOPLIST_KEY_UIApplicationSupportsIndirectInputEvents = YES;
				INFOPLIST_KEY_UILaunchStoryboardName = LaunchScreen;
				INFOPLIST_KEY_UISupportedInterfaceOrientations_iPad = "UIInterfaceOrientationPortrait UIInterfaceOrientationPortraitUpsideDown UIInterfaceOrientationLandscapeLeft UIInterfaceOrientationLandscapeRight";
				INFOPLIST_KEY_UISupportedInterfaceOrientations_iPhone = "UIInterfaceOrientationPortrait UIInterfaceOrientationLandscapeLeft UIInterfaceOrientationLandscapeRight";
				LD_RUNPATH_SEARCH_PATHS = (
					"$(inherited)",
					"@executable_path/Frameworks",
				);
				MARKETING_VERSION = 1.0;
				PRODUCT_BUNDLE_IDENTIFIER = com.pauribot.StarWarsEncyclopedia;
				PRODUCT_NAME = "$(TARGET_NAME)";
				SWIFT_EMIT_LOC_STRINGS = YES;
				SWIFT_VERSION = 5.0;
				TARGETED_DEVICE_FAMILY = "1,2";
			};
			name = Debug;
		};
		5F8DE72F28FDCBF80070BA7C /* Release */ = {
			isa = XCBuildConfiguration;
			buildSettings = {
				ASSETCATALOG_COMPILER_APPICON_NAME = AppIcon;
				ASSETCATALOG_COMPILER_GLOBAL_ACCENT_COLOR_NAME = AccentColor;
				CODE_SIGN_STYLE = Automatic;
				CURRENT_PROJECT_VERSION = 1;
				DEVELOPMENT_TEAM = 97979SR3M8;
				GENERATE_INFOPLIST_FILE = YES;
				INFOPLIST_FILE = StarWarsEncyclopedia/Info.plist;
				INFOPLIST_KEY_UIApplicationSupportsIndirectInputEvents = YES;
				INFOPLIST_KEY_UILaunchStoryboardName = LaunchScreen;
				INFOPLIST_KEY_UISupportedInterfaceOrientations_iPad = "UIInterfaceOrientationPortrait UIInterfaceOrientationPortraitUpsideDown UIInterfaceOrientationLandscapeLeft UIInterfaceOrientationLandscapeRight";
				INFOPLIST_KEY_UISupportedInterfaceOrientations_iPhone = "UIInterfaceOrientationPortrait UIInterfaceOrientationLandscapeLeft UIInterfaceOrientationLandscapeRight";
				LD_RUNPATH_SEARCH_PATHS = (
					"$(inherited)",
					"@executable_path/Frameworks",
				);
				MARKETING_VERSION = 1.0;
				PRODUCT_BUNDLE_IDENTIFIER = com.pauribot.StarWarsEncyclopedia;
				PRODUCT_NAME = "$(TARGET_NAME)";
				SWIFT_EMIT_LOC_STRINGS = YES;
				SWIFT_VERSION = 5.0;
				TARGETED_DEVICE_FAMILY = "1,2";
			};
			name = Release;
		};
/* End XCBuildConfiguration section */

/* Begin XCConfigurationList section */
		5F8DE71428FDCBF60070BA7C /* Build configuration list for PBXProject "StarWarsEncyclopedia" */ = {
			isa = XCConfigurationList;
			buildConfigurations = (
				5F8DE72B28FDCBF80070BA7C /* Debug */,
				5F8DE72C28FDCBF80070BA7C /* Release */,
			);
			defaultConfigurationIsVisible = 0;
			defaultConfigurationName = Release;
		};
		5F8DE72D28FDCBF80070BA7C /* Build configuration list for PBXNativeTarget "StarWarsEncyclopedia" */ = {
			isa = XCConfigurationList;
			buildConfigurations = (
				5F8DE72E28FDCBF80070BA7C /* Debug */,
				5F8DE72F28FDCBF80070BA7C /* Release */,
			);
			defaultConfigurationIsVisible = 0;
			defaultConfigurationName = Release;
		};
/* End XCConfigurationList section */
	};
	rootObject = 5F8DE71128FDCBF60070BA7C /* Project object */;
}
